
Microsoft Visual Studio Solution File, Format Version 12.00
# Visual Studio Version 17
VisualStudioVersion = 17.5.002.0
MinimumVisualStudioVersion = 10.0.40219.1
Project("{9A19103F-16F7-4668-BE54-9A1E7A4F7556}") = "gym-master", "gym-master.csproj", "{4B65F3CC-E492-4C8D-A7A4-7C8A48AEDBD0}"
EndProject
Global
	GlobalSection(SolutionConfigurationPlatforms) = preSolution
		Debug|Any CPU = Debug|Any CPU
		Release|Any CPU = Release|Any CPU
	EndGlobalSection
	GlobalSection(ProjectConfigurationPlatforms) = postSolution
		{4B65F3CC-E492-4C8D-A7A4-7C8A48AEDBD0}.Debug|Any CPU.ActiveCfg = Debug|Any CPU
		{4B65F3CC-E492-4C8D-A7A4-7C8A48AEDBD0}.Debug|Any CPU.Build.0 = Debug|Any CPU
		{4B65F3CC-E492-4C8D-A7A4-7C8A48AEDBD0}.Release|Any CPU.ActiveCfg = Release|Any CPU
		{4B65F3CC-E492-4C8D-A7A4-7C8A48AEDBD0}.Release|Any CPU.Build.0 = Release|Any CPU
	EndGlobalSection
	GlobalSection(SolutionProperties) = preSolution
		HideSolutionNode = FALSE
	EndGlobalSection
	GlobalSection(ExtensibilityGlobals) = postSolution
		SolutionGuid = {9A970F52-A636-463D-AB5D-ACF182BAB052}
	EndGlobalSection
EndGlobal
